
Microsoft Visual Studio Solution File, Format Version 12.00
# Visual Studio Version 17
VisualStudioVersion = 17.0.31903.59
MinimumVisualStudioVersion = 10.0.40219.1
Project("{FAE04EC0-301F-11D3-BF4B-00C04F79EFBC}") = "WpfApp1", "WpfApp1.csproj", "{5EF199F4-3DCD-4BF8-A278-BA421218EC7E}"
EndProject
Global
	GlobalSection(SolutionConfigurationPlatforms) = preSolution
		Debug|Any CPU = Debug|Any CPU
		Release|Any CPU = Release|Any CPU
	EndGlobalSection
	GlobalSection(ProjectConfigurationPlatforms) = postSolution
		{5EF199F4-3DCD-4BF8-A278-BA421218EC7E}.Debug|Any CPU.ActiveCfg = Debug|Any CPU
		{5EF199F4-3DCD-4BF8-A278-BA421218EC7E}.Debug|Any CPU.Build.0 = Debug|Any CPU
		{5EF199F4-3DCD-4BF8-A278-BA421218EC7E}.Release|Any CPU.ActiveCfg = Release|Any CPU
		{5EF199F4-3DCD-4BF8-A278-BA421218EC7E}.Release|Any CPU.Build.0 = Release|Any CPU
	EndGlobalSection
	GlobalSection(SolutionProperties) = preSolution
		HideSolutionNode = FALSE
	EndGlobalSection
	GlobalSection(ExtensibilityGlobals) = postSolution
		SolutionGuid = {4B42B650-6F8E-45E8-B938-DD0E1A264E07}
	EndGlobalSection
EndGlobal
